
Microsoft Visual Studio Solution File, Format Version 12.00
# Visual Studio Version 17
VisualStudioVersion = 17.9.34728.123
MinimumVisualStudioVersion = 10.0.40219.1
Project("{FAE04EC0-301F-11D3-BF4B-00C04F79EFBC}") = "test", "test\test.csproj", "{C75B0DBF-E3A6-4AFE-8ADE-0A4EA3C95B80}"
EndProject
Global
	GlobalSection(SolutionConfigurationPlatforms) = preSolution
		Debug|Any CPU = Debug|Any CPU
		Release|Any CPU = Release|Any CPU
	EndGlobalSection
	GlobalSection(ProjectConfigurationPlatforms) = postSolution
		{C75B0DBF-E3A6-4AFE-8ADE-0A4EA3C95B80}.Debug|Any CPU.ActiveCfg = Debug|Any CPU
		{C75B0DBF-E3A6-4AFE-8ADE-0A4EA3C95B80}.Debug|Any CPU.Build.0 = Debug|Any CPU
		{C75B0DBF-E3A6-4AFE-8ADE-0A4EA3C95B80}.Release|Any CPU.ActiveCfg = Release|Any CPU
		{C75B0DBF-E3A6-4AFE-8ADE-0A4EA3C95B80}.Release|Any CPU.Build.0 = Release|Any CPU
	EndGlobalSection
	GlobalSection(SolutionProperties) = preSolution
		HideSolutionNode = FALSE
	EndGlobalSection
	GlobalSection(ExtensibilityGlobals) = postSolution
		SolutionGuid = {9C1ED2EB-73AE-4AFA-960D-E2C197CC269D}
	EndGlobalSection
EndGlobal
